
Microsoft Visual Studio Solution File, Format Version 12.00
# Visual Studio Version 17
VisualStudioVersion = 17.4.33213.308
MinimumVisualStudioVersion = 10.0.40219.1
Project("{FAE04EC0-301F-11D3-BF4B-00C04F79EFBC}") = "Assesment3", "Assesment3\Assesment3.csproj", "{0DAC15E1-C299-477A-8928-57FC594E766A}"
EndProject
Global
	GlobalSection(SolutionConfigurationPlatforms) = preSolution
		Debug|Any CPU = Debug|Any CPU
		Release|Any CPU = Release|Any CPU
	EndGlobalSection
	GlobalSection(ProjectConfigurationPlatforms) = postSolution
		{0DAC15E1-C299-477A-8928-57FC594E766A}.Debug|Any CPU.ActiveCfg = Debug|Any CPU
		{0DAC15E1-C299-477A-8928-57FC594E766A}.Debug|Any CPU.Build.0 = Debug|Any CPU
		{0DAC15E1-C299-477A-8928-57FC594E766A}.Release|Any CPU.ActiveCfg = Release|Any CPU
		{0DAC15E1-C299-477A-8928-57FC594E766A}.Release|Any CPU.Build.0 = Release|Any CPU
	EndGlobalSection
	GlobalSection(SolutionProperties) = preSolution
		HideSolutionNode = FALSE
	EndGlobalSection
	GlobalSection(ExtensibilityGlobals) = postSolution
		SolutionGuid = {249CAACD-1602-4D18-876A-7A4CA6A57126}
	EndGlobalSection
EndGlobal
